
Microsoft Visual Studio Solution File, Format Version 10.00
# Visual Studio 2008
Project("{8BC9CEB8-8B4A-11D0-8D11-00A0C91BC942}") = "onyxillusion", "onyxillusion.vcproj", "{05E7BFAA-6ECE-4E42-BD34-6A41887D3922}"
EndProject
Global
	GlobalSection(SolutionConfigurationPlatforms) = preSolution
		Debug|Win32 = Debug|Win32
		Release|Win32 = Release|Win32
	EndGlobalSection
	GlobalSection(ProjectConfigurationPlatforms) = postSolution
		{05E7BFAA-6ECE-4E42-BD34-6A41887D3922}.Debug|Win32.ActiveCfg = Debug|Win32
		{05E7BFAA-6ECE-4E42-BD34-6A41887D3922}.Debug|Win32.Build.0 = Debug|Win32
		{05E7BFAA-6ECE-4E42-BD34-6A41887D3922}.Release|Win32.ActiveCfg = Release|Win32
		{05E7BFAA-6ECE-4E42-BD34-6A41887D3922}.Release|Win32.Build.0 = Release|Win32
	EndGlobalSection
	GlobalSection(SolutionProperties) = preSolution
		HideSolutionNode = FALSE
	EndGlobalSection
EndGlobal
